
Microsoft Visual Studio Solution File, Format Version 12.00
# Visual Studio Version 17
VisualStudioVersion = 17.2.32519.379
MinimumVisualStudioVersion = 10.0.40219.1
Project("{888888A0-9F3D-457C-B088-3A5042F75D52}") = "FridayActivity03-06-22", "FridayActivity03-06-22.pyproj", "{0D30152B-57E7-49CC-9644-9DC627F78717}"
EndProject
Global
	GlobalSection(SolutionConfigurationPlatforms) = preSolution
		Debug|Any CPU = Debug|Any CPU
		Release|Any CPU = Release|Any CPU
	EndGlobalSection
	GlobalSection(ProjectConfigurationPlatforms) = postSolution
		{0D30152B-57E7-49CC-9644-9DC627F78717}.Debug|Any CPU.ActiveCfg = Debug|Any CPU
		{0D30152B-57E7-49CC-9644-9DC627F78717}.Release|Any CPU.ActiveCfg = Release|Any CPU
	EndGlobalSection
	GlobalSection(SolutionProperties) = preSolution
		HideSolutionNode = FALSE
	EndGlobalSection
	GlobalSection(ExtensibilityGlobals) = postSolution
		SolutionGuid = {E8E41EED-BD22-408D-A031-3EA0703DDB68}
	EndGlobalSection
EndGlobal
