
Microsoft Visual Studio Solution File, Format Version 12.00
# Visual Studio Version 17
VisualStudioVersion = 17.1.32328.378
MinimumVisualStudioVersion = 10.0.40219.1
Project("{888888A0-9F3D-457C-B088-3A5042F75D52}") = "MyFirstPythonPractice", "MyFirstPythonPractice\MyFirstPythonPractice.pyproj", "{E5BBE82D-95DA-4D38-BBBF-DE47F203377A}"
EndProject
Global
	GlobalSection(SolutionConfigurationPlatforms) = preSolution
		Debug|Any CPU = Debug|Any CPU
		Release|Any CPU = Release|Any CPU
	EndGlobalSection
	GlobalSection(ProjectConfigurationPlatforms) = postSolution
		{E5BBE82D-95DA-4D38-BBBF-DE47F203377A}.Debug|Any CPU.ActiveCfg = Debug|Any CPU
		{E5BBE82D-95DA-4D38-BBBF-DE47F203377A}.Release|Any CPU.ActiveCfg = Release|Any CPU
	EndGlobalSection
	GlobalSection(SolutionProperties) = preSolution
		HideSolutionNode = FALSE
	EndGlobalSection
	GlobalSection(ExtensibilityGlobals) = postSolution
		SolutionGuid = {FAFA287B-F1C9-4777-884F-059E28594FDB}
	EndGlobalSection
EndGlobal
