
Microsoft Visual Studio Solution File, Format Version 12.00
# Visual Studio Version 17
VisualStudioVersion = 17.2.32505.173
MinimumVisualStudioVersion = 10.0.40219.1
Project("{888888A0-9F3D-457C-B088-3A5042F75D52}") = "Fish", "Fish.pyproj", "{15DEDB4D-9D86-4C2E-8FD1-62341C6C6EC0}"
EndProject
Global
	GlobalSection(SolutionConfigurationPlatforms) = preSolution
		Debug|Any CPU = Debug|Any CPU
		Release|Any CPU = Release|Any CPU
	EndGlobalSection
	GlobalSection(ProjectConfigurationPlatforms) = postSolution
		{15DEDB4D-9D86-4C2E-8FD1-62341C6C6EC0}.Debug|Any CPU.ActiveCfg = Debug|Any CPU
		{15DEDB4D-9D86-4C2E-8FD1-62341C6C6EC0}.Release|Any CPU.ActiveCfg = Release|Any CPU
	EndGlobalSection
	GlobalSection(SolutionProperties) = preSolution
		HideSolutionNode = FALSE
	EndGlobalSection
	GlobalSection(ExtensibilityGlobals) = postSolution
		SolutionGuid = {1A1FE4F1-CCAF-492B-8867-272EF826B581}
	EndGlobalSection
EndGlobal
