
Microsoft Visual Studio Solution File, Format Version 12.00
# Visual Studio Version 17
VisualStudioVersion = 17.2.32519.379
MinimumVisualStudioVersion = 10.0.40219.1
Project("{888888A0-9F3D-457C-B088-3A5042F75D52}") = "FridayActivity12-06-22", "FridayActivity12-06-22.pyproj", "{DC013519-E3AC-41B7-B212-BF2F5F05E9B1}"
EndProject
Global
	GlobalSection(SolutionConfigurationPlatforms) = preSolution
		Debug|Any CPU = Debug|Any CPU
		Release|Any CPU = Release|Any CPU
	EndGlobalSection
	GlobalSection(ProjectConfigurationPlatforms) = postSolution
		{DC013519-E3AC-41B7-B212-BF2F5F05E9B1}.Debug|Any CPU.ActiveCfg = Debug|Any CPU
		{DC013519-E3AC-41B7-B212-BF2F5F05E9B1}.Release|Any CPU.ActiveCfg = Release|Any CPU
	EndGlobalSection
	GlobalSection(SolutionProperties) = preSolution
		HideSolutionNode = FALSE
	EndGlobalSection
	GlobalSection(ExtensibilityGlobals) = postSolution
		SolutionGuid = {D110D5D8-66F9-4B0B-88AD-2832BBF92645}
	EndGlobalSection
EndGlobal
